[ai]
path = "../ai/wit"
sha256 = "7fc53b1f656ca9769ecf6151363388bfedbc22c8554151fbe9c99cc31313d596"
sha512 = "f6ad33bba184ab4e5c6e8734a85bd231a287a27e2588dbf00d98bc484487fb97032948a752ea817c750f3f33c24169278bc6617dde8418e5e9a5b3780740d410"
deps = ["io", "wasi-nn"]

[core]
path = "../core/wit"
sha256 = "0f7aee849dbef54edba75e015fcdeec965794170149bff6a5705c76c25244558"
sha512 = "b68b2fe2a9be5e832312c54d3e09c35f6bca09bacc83f080db2784f9adaf110547b174060fcce106a26c182e58707d91b74585fe5551f67f16a9c9b1cf9f5fd2"
deps = ["io", "wasi-nn"]

[http]
path = "../http/wit"
sha256 = "62f2b36b3754b3dd783298ef57a8a77d08644050018835001a9c012070737583"
sha512 = "d7b5e59657d41c668769859ad087534f004dd40b9ec12d060d3ab68f2c5aa4a0d9d8e07cef0199686da9b8810b808bde309592bf3f7b6f6ad0868a0fe356ce85"

[io]
sha256 = "7210e5653539a15478f894d4da24cc69d61924cbcba21d2804d69314a88e5a4c"
sha512 = "49184a1b0945a889abd52d25271172ed3dc2db6968fcdddb1bab7ee0081f4a3eeee0977ad2291126a37631c0d86eeea75d822fa8af224c422134500bf9f0f2bb"

[mcp]
path = "../mcp/wit"
sha256 = "c4303860ff124f347c4c6014a9da05bc4ca2cba9855a87bf5c7eccde8961afb3"
sha512 = "1b05c9923a7e6321808ab09c69943f731c4d48aebeaf13862a65545be032a067d675295abeddcd66bfec9e3cc822d137843ef49f2e592dcf22ecc827e1b1ff41"

[silo]
path = "../silo/wit"
sha256 = "24995f61815ef26d512a506e879a326129ce3195cfee3dbf4276982d5342374e"
sha512 = "39cfe94a3b510a6f041bd3a006d9fa2d8d648f48829fd5d6682ca1c924536b7504a650d39eeb4c4f7ea6ae8e1f534b4cb932e62df80216af7e66d77f3ae97c13"

[socket]
path = "../socket/wit"
sha256 = "4557711b852c5a3fc1692af85a9a934087c2725b55f490bc7cc1474adb2b5248"
sha512 = "40d6d5e10d0d48c3d2d283757b4c9a326519c1eb42b8da3c47ab155e765b93bfa86d988d3a1724a3d72f3b90fc7fd0bd8f86c229f8ffdeac3803693c704920d4"
deps = ["io"]

[wac]
path = "../wac/wit"
sha256 = "811321bd06e8a599f1db5f677d61bbca0fad3de847fc89eb69de56b40e931b52"
sha512 = "23c51eaa48ea6fc7856230122e223010dc80faae1c4eefd2563245f6f60cf9d6f440c409393b2a58a7a7839aa23a5d23fe66eeaf07a106e3244545928ac5fec0"

[wasi-nn]
sha256 = "84915550361306ea4c219ac3a3ca007f43fe1b96b52e6f85e88d794c8fea5509"
sha512 = "711dc0d2c10672cd59016ad2c41e0d8183dced28690a1dbd62a2946db85371da34d6283d82a11c5fdce72ac724b63e31f2e59cc1e2cd49e37cc6b024998362c3"
