[ai]
path = "../ai/wit"
sha256 = "5388b39aa1606e50ad0199c1098da2b6e7217c3b355f45c7b35bced8d7a52512"
sha512 = "100f80cd0ed32213eb80e53bbe66448ad370230ee1038f2c85d6bfb7b7c803f15ec2fc99c6ec37519fde6a2497d9965edf1a6f93170af5de54a48ecc87a9be67"
deps = ["io", "wasi-nn"]

[core]
path = "../core/wit"
sha256 = "ac029bf7ea4a88b580a99965d613cb370e4a9a6d1f7ccf39b765da8f26c19638"
sha512 = "97a07abe6940022543b2d8b13ec7f44a0e3f67f0da3d8fcf355ed4e943b353596079840a284ba5cd18d6070930b4ddf7f2829298bb0c53ba980c9c93dc3ccc59"
deps = ["io", "wasi-nn"]

[http]
path = "../http/wit"
sha256 = "9d7c0d12537f0e92c86a609dda583f947b99c0db572b57756bbb5cb0dd0b7223"
sha512 = "f1b205bbf0300a9194447c7808e190f85399585e010034ac6326d3aa33b34d1fbc8f246c54b28db8f415ca0d0bcfa4e4e34f789d730fe395d691cb7520464b6c"

[io]
sha256 = "7210e5653539a15478f894d4da24cc69d61924cbcba21d2804d69314a88e5a4c"
sha512 = "49184a1b0945a889abd52d25271172ed3dc2db6968fcdddb1bab7ee0081f4a3eeee0977ad2291126a37631c0d86eeea75d822fa8af224c422134500bf9f0f2bb"

[mcp]
path = "../mcp/wit"
sha256 = "d407647c744fe7a5fe315ed27708f07650df23c96a06586b940952ee3b4601be"
sha512 = "62316797c6420c28052c881ef0941955bd9a4a37cbb1c3affc71108abaef5b72285fe453a1e54bd374622465b9898dac8f722c876e8a140b4ee1b980fec90e4e"

[silo]
path = "../silo/wit"
sha256 = "9f6529d02e62a77f1fd528f33a82ffd96ba11c61b12902eb4fc1be0a84afdc6a"
sha512 = "502b4ba5f13dc51ebb5b71bd096c65444a5238a3cba8870c400058cde4073f1db39cf1d8da4434779a7617d5e114c808dfaca91cd31f01e5d4d88e3990ba8115"

[socket]
path = "../socket/wit"
sha256 = "c52cfb09ea08d3f32d40927a2d1032ecbca6d76002c5d9a44ce08cb7b715b9e2"
sha512 = "76db054abce0d5aacb14ec8530ee6dd6091a0d72d4e5d5cd39474b16d0fcfd8ac864107a0c9d4a414ea308efc69a2eaa32e9aa034ff91a8d9b3a16c8c53356e8"
deps = ["io"]

[wac]
path = "../wac/wit"
sha256 = "41db69e0ed50d3b0b869453b8f15a6e38a971878534410104e76b8878cebf15c"
sha512 = "0595cfb38eb0916ce468456bcf2b21afff00fa4787528a655294ed2ecaa23222d131d7bb2918f557a380364af1c139b4090859d2eaf522e5d3d6731950e39f09"

[wasi-nn]
sha256 = "84915550361306ea4c219ac3a3ca007f43fe1b96b52e6f85e88d794c8fea5509"
sha512 = "711dc0d2c10672cd59016ad2c41e0d8183dced28690a1dbd62a2946db85371da34d6283d82a11c5fdce72ac724b63e31f2e59cc1e2cd49e37cc6b024998362c3"
