[ai]
path = "../ai/wit"
sha256 = "9986326ad01597443575265a14bdfea219f2c6995a3056a9bbb09d0b15e75713"
sha512 = "498dad22e3ee90b67fce3844b3532914721ae1fac1ebd7425b5a537b8293fdf731a6bd65d830086b3e122424b062058385e9b44c5f8b1240b4fe3753a1b2acf6"
deps = ["io", "wasi-nn"]

[core]
path = "../core/wit"
sha256 = "aad039c27366a6e337480bceb9e627516c98e6236ddc92b578571f4ac48d5729"
sha512 = "62a77e58ad37e5075c6fb5dc395013d456c2739aa9958c49132672e468b2e09a0c43cfa01c13530495d04930e3d220939d0b93cc51f45305ab10579ef7eca901"
deps = ["io", "wasi-nn"]

[http]
path = "../http/wit"
sha256 = "49a3b76c249857f57123a3baa687c014f2ce9b066f0e885688b4c9e8687f2cab"
sha512 = "3ab4f015bf783a43741ca047afd30586392e5a6052b3ba93037e98c80b09f1b0e8c89218b8e45cac3a7b2c7a1ca09088bd602b55b31c2a58ba24731eed4c2d73"

[io]
sha256 = "7210e5653539a15478f894d4da24cc69d61924cbcba21d2804d69314a88e5a4c"
sha512 = "49184a1b0945a889abd52d25271172ed3dc2db6968fcdddb1bab7ee0081f4a3eeee0977ad2291126a37631c0d86eeea75d822fa8af224c422134500bf9f0f2bb"

[silo]
path = "../silo/wit"
sha256 = "c3632dfd1b49ad7e1a22afc986db57c30a8e5597f6600c368d3480133dd3d352"
sha512 = "f0436aa6bd55c65b50bf2c5338118ebb92e9e304f0b05151907bc128862e00079a1a81f1a5e91177b42f46722a1a95357eb5a4282a81e4cff3f54cf5b638c832"

[socket]
path = "../socket/wit"
sha256 = "439314186e4293803f6ef35c52a359dea35278fcb1fe211fdbfad002aad28ebd"
sha512 = "98de12c120c827d13fa196fcdc8ecf45622afb2f6b28004c399541fe70e0f8db20ff218df32dfca7ff92a0f568dbf12e74c95cfada116b3d7b61a43a03291522"
deps = ["io"]

[wac]
path = "../wac/wit"
sha256 = "d130f731c149a4944dbeef01d9d0f331abade916287308d067897babeb322a77"
sha512 = "5e157d2beb46e3bec34a3659335fc5ece46ce92e0a273a9a919adb98f9b1a0273d8f310064498a05c9049b8d4757759a0a9983c75512c647fad3f236c3a7c9db"

[wasi-nn]
sha256 = "84915550361306ea4c219ac3a3ca007f43fe1b96b52e6f85e88d794c8fea5509"
sha512 = "711dc0d2c10672cd59016ad2c41e0d8183dced28690a1dbd62a2946db85371da34d6283d82a11c5fdce72ac724b63e31f2e59cc1e2cd49e37cc6b024998362c3"
